// !$*UTF8*$!
{
	archiveVersion = 1;
	classes = {
	};
	objectVersion = 46;
	objects = {

/* Begin PBXBuildFile section */
		E711FC731AB894F0007D34AB /* eye.png in Resources */ = {isa = PBXBuildFile; fileRef = E711FC721AB894F0007D34AB /* eye.png */; };
		E72BF9CA1B2AD9AF00ED7BF9 /* HelpIcon.m in Sources */ = {isa = PBXBuildFile; fileRef = E72BF9C91B2AD9AF00ED7BF9 /* HelpIcon.m */; };
		E72BF9D11B2AE0FE00ED7BF9 /* ImageViewController.m in Sources */ = {isa = PBXBuildFile; fileRef = E72BF9D01B2AE0FE00ED7BF9 /* ImageViewController.m */; };
		E72BF9D51B2AE5D900ED7BF9 /* tutor.png in Resources */ = {isa = PBXBuildFile; fileRef = E72BF9D41B2AE5D900ED7BF9 /* tutor.png */; };
		E758EB281AAC688E002A2F6A /* main.m in Sources */ = {isa = PBXBuildFile; fileRef = E758EB271AAC688E002A2F6A /* main.m */; };
		E758EB2B1AAC688E002A2F6A /* AppDelegate.m in Sources */ = {isa = PBXBuildFile; fileRef = E758EB2A1AAC688E002A2F6A /* AppDelegate.m */; };
		E758EB2E1AAC688E002A2F6A /* _D_Maze.xcdatamodeld in Sources */ = {isa = PBXBuildFile; fileRef = E758EB2C1AAC688E002A2F6A /* _D_Maze.xcdatamodeld */; };
		E758EB311AAC688E002A2F6A /* ViewController.m in Sources */ = {isa = PBXBuildFile; fileRef = E758EB301AAC688E002A2F6A /* ViewController.m */; };
		E758EB341AAC688E002A2F6A /* Main.storyboard in Resources */ = {isa = PBXBuildFile; fileRef = E758EB321AAC688E002A2F6A /* Main.storyboard */; };
		E758EB361AAC688E002A2F6A /* Images.xcassets in Resources */ = {isa = PBXBuildFile; fileRef = E758EB351AAC688E002A2F6A /* Images.xcassets */; };
		E758EB391AAC688E002A2F6A /* LaunchScreen.xib in Resources */ = {isa = PBXBuildFile; fileRef = E758EB371AAC688E002A2F6A /* LaunchScreen.xib */; };
		E758EB451AAC688E002A2F6A /* _D_MazeTests.m in Sources */ = {isa = PBXBuildFile; fileRef = E758EB441AAC688E002A2F6A /* _D_MazeTests.m */; };
		E758EB501AAC819A002A2F6A /* Node.m in Sources */ = {isa = PBXBuildFile; fileRef = E758EB4F1AAC819A002A2F6A /* Node.m */; };
		E758EB541AAC81B8002A2F6A /* Position.m in Sources */ = {isa = PBXBuildFile; fileRef = E758EB531AAC81B8002A2F6A /* Position.m */; };
		E758EB571AAC88E7002A2F6A /* Boarder.m in Sources */ = {isa = PBXBuildFile; fileRef = E758EB561AAC88E7002A2F6A /* Boarder.m */; };
		E758EB5A1AAC9D65002A2F6A /* NodeGrid.m in Sources */ = {isa = PBXBuildFile; fileRef = E758EB591AAC9D65002A2F6A /* NodeGrid.m */; };
		E76AA1811AAF51E9000637AA /* Maze.m in Sources */ = {isa = PBXBuildFile; fileRef = E76AA1801AAF51E9000637AA /* Maze.m */; };
		E76AA1871AAF6AED000637AA /* CoordinateManager.m in Sources */ = {isa = PBXBuildFile; fileRef = E76AA1861AAF6AED000637AA /* CoordinateManager.m */; };
		E76AA18A1AAF6B29000637AA /* MazeScene.m in Sources */ = {isa = PBXBuildFile; fileRef = E76AA1891AAF6B29000637AA /* MazeScene.m */; };
		E76AA18C1AAF6B39000637AA /* SceneKit.framework in Frameworks */ = {isa = PBXBuildFile; fileRef = E76AA18B1AAF6B39000637AA /* SceneKit.framework */; };
		E76AA1941AAF838A000637AA /* UserPanelScene.m in Sources */ = {isa = PBXBuildFile; fileRef = E76AA1931AAF838A000637AA /* UserPanelScene.m */; };
		E76AA1961AAF8392000637AA /* SpriteKit.framework in Frameworks */ = {isa = PBXBuildFile; fileRef = E76AA1951AAF8392000637AA /* SpriteKit.framework */; };
		E76AA1981AAF85E6000637AA /* Xcode.png in Resources */ = {isa = PBXBuildFile; fileRef = E76AA1971AAF85E6000637AA /* Xcode.png */; };
		E76AA19A1AAFA8C8000637AA /* waiting for ads.png in Resources */ = {isa = PBXBuildFile; fileRef = E76AA1991AAFA8C8000637AA /* waiting for ads.png */; };
		E76AA19D1AAFB081000637AA /* WelcomeScreenViewController.m in Sources */ = {isa = PBXBuildFile; fileRef = E76AA19C1AAFB081000637AA /* WelcomeScreenViewController.m */; };
		E76AA1F51AB0CE40000637AA /* william_wall_01_D.png in Resources */ = {isa = PBXBuildFile; fileRef = E76AA1F41AB0CE40000637AA /* william_wall_01_D.png */; };
		E76AA2001AB0CF78000637AA /* ground_grass_gen_01.png in Resources */ = {isa = PBXBuildFile; fileRef = E76AA1F61AB0CF78000637AA /* ground_grass_gen_01.png */; };
		E76AA2011AB0CF78000637AA /* ground_grass_gen_02.png in Resources */ = {isa = PBXBuildFile; fileRef = E76AA1F71AB0CF78000637AA /* ground_grass_gen_02.png */; };
		E76AA2021AB0CF78000637AA /* ground_grass_gen_03.png in Resources */ = {isa = PBXBuildFile; fileRef = E76AA1F81AB0CF78000637AA /* ground_grass_gen_03.png */; };
		E76AA2031AB0CF78000637AA /* ground_grass_gen_04.png in Resources */ = {isa = PBXBuildFile; fileRef = E76AA1F91AB0CF78000637AA /* ground_grass_gen_04.png */; };
		E76AA2041AB0CF78000637AA /* ground_grass_gen_05.png in Resources */ = {isa = PBXBuildFile; fileRef = E76AA1FA1AB0CF78000637AA /* ground_grass_gen_05.png */; };
		E76AA2051AB0CF78000637AA /* ground_grass_gen_06.png in Resources */ = {isa = PBXBuildFile; fileRef = E76AA1FB1AB0CF78000637AA /* ground_grass_gen_06.png */; };
		E76AA2061AB0CF78000637AA /* ground_grass_gen_07.png in Resources */ = {isa = PBXBuildFile; fileRef = E76AA1FC1AB0CF78000637AA /* ground_grass_gen_07.png */; };
		E76AA2071AB0CF78000637AA /* ground_grass_gen_08.png in Resources */ = {isa = PBXBuildFile; fileRef = E76AA1FD1AB0CF78000637AA /* ground_grass_gen_08.png */; };
		E76AA2081AB0CF78000637AA /* ground_grass_gen_09.png in Resources */ = {isa = PBXBuildFile; fileRef = E76AA1FE1AB0CF78000637AA /* ground_grass_gen_09.png */; };
		E76AA2091AB0CF78000637AA /* ground_grass_gen_00.png in Resources */ = {isa = PBXBuildFile; fileRef = E76AA1FF1AB0CF78000637AA /* ground_grass_gen_00.png */; };
/* End PBXBuildFile section */

/* Begin PBXContainerItemProxy section */
		E758EB3F1AAC688E002A2F6A /* PBXContainerItemProxy */ = {
			isa = PBXContainerItemProxy;
			containerPortal = E758EB1A1AAC688D002A2F6A /* Project object */;
			proxyType = 1;
			remoteGlobalIDString = E758EB211AAC688D002A2F6A;
			remoteInfo = "3D Maze";
		};
/* End PBXContainerItemProxy section */

/* Begin PBXFileReference section */
		E711FC721AB894F0007D34AB /* eye.png */ = {isa = PBXFileReference; lastKnownFileType = image.png; path = eye.png; sourceTree = "<group>"; };
		E72BF9C81B2AD9AF00ED7BF9 /* HelpIcon.h */ = {isa = PBXFileReference; fileEncoding = 4; lastKnownFileType = sourcecode.c.h; path = HelpIcon.h; sourceTree = "<group>"; };
		E72BF9C91B2AD9AF00ED7BF9 /* HelpIcon.m */ = {isa = PBXFileReference; fileEncoding = 4; lastKnownFileType = sourcecode.c.objc; path = HelpIcon.m; sourceTree = "<group>"; };
		E72BF9CF1B2AE0FE00ED7BF9 /* ImageViewController.h */ = {isa = PBXFileReference; fileEncoding = 4; lastKnownFileType = sourcecode.c.h; path = ImageViewController.h; sourceTree = "<group>"; };
		E72BF9D01B2AE0FE00ED7BF9 /* ImageViewController.m */ = {isa = PBXFileReference; fileEncoding = 4; lastKnownFileType = sourcecode.c.objc; path = ImageViewController.m; sourceTree = "<group>"; };
		E72BF9D41B2AE5D900ED7BF9 /* tutor.png */ = {isa = PBXFileReference; lastKnownFileType = image.png; path = tutor.png; sourceTree = "<group>"; };
		E758EB221AAC688E002A2F6A /* 3D Maze Real.app */ = {isa = PBXFileReference; explicitFileType = wrapper.application; includeInIndex = 0; path = "3D Maze Real.app"; sourceTree = BUILT_PRODUCTS_DIR; };
		E758EB261AAC688E002A2F6A /* Info.plist */ = {isa = PBXFileReference; lastKnownFileType = text.plist.xml; path = Info.plist; sourceTree = "<group>"; };
		E758EB271AAC688E002A2F6A /* main.m */ = {isa = PBXFileReference; lastKnownFileType = sourcecode.c.objc; path = main.m; sourceTree = "<group>"; };
		E758EB291AAC688E002A2F6A /* AppDelegate.h */ = {isa = PBXFileReference; lastKnownFileType = sourcecode.c.h; path = AppDelegate.h; sourceTree = "<group>"; };
		E758EB2A1AAC688E002A2F6A /* AppDelegate.m */ = {isa = PBXFileReference; lastKnownFileType = sourcecode.c.objc; path = AppDelegate.m; sourceTree = "<group>"; };
		E758EB2D1AAC688E002A2F6A /* _D_Maze.xcdatamodel */ = {isa = PBXFileReference; lastKnownFileType = wrapper.xcdatamodel; path = _D_Maze.xcdatamodel; sourceTree = "<group>"; };
		E758EB2F1AAC688E002A2F6A /* ViewController.h */ = {isa = PBXFileReference; lastKnownFileType = sourcecode.c.h; path = ViewController.h; sourceTree = "<group>"; };
		E758EB301AAC688E002A2F6A /* ViewController.m */ = {isa = PBXFileReference; lastKnownFileType = sourcecode.c.objc; path = ViewController.m; sourceTree = "<group>"; };
		E758EB331AAC688E002A2F6A /* Base */ = {isa = PBXFileReference; lastKnownFileType = file.storyboard; name = Base; path = Base.lproj/Main.storyboard; sourceTree = "<group>"; };
		E758EB351AAC688E002A2F6A /* Images.xcassets */ = {isa = PBXFileReference; lastKnownFileType = folder.assetcatalog; path = Images.xcassets; sourceTree = "<group>"; };
		E758EB381AAC688E002A2F6A /* Base */ = {isa = PBXFileReference; lastKnownFileType = file.xib; name = Base; path = Base.lproj/LaunchScreen.xib; sourceTree = "<group>"; };
		E758EB3E1AAC688E002A2F6A /* 3D Maze RealTests.xctest */ = {isa = PBXFileReference; explicitFileType = wrapper.cfbundle; includeInIndex = 0; path = "3D Maze RealTests.xctest"; sourceTree = BUILT_PRODUCTS_DIR; };
		E758EB431AAC688E002A2F6A /* Info.plist */ = {isa = PBXFileReference; lastKnownFileType = text.plist.xml; path = Info.plist; sourceTree = "<group>"; };
		E758EB441AAC688E002A2F6A /* _D_MazeTests.m */ = {isa = PBXFileReference; lastKnownFileType = sourcecode.c.objc; path = _D_MazeTests.m; sourceTree = "<group>"; };
		E758EB4E1AAC819A002A2F6A /* Node.h */ = {isa = PBXFileReference; fileEncoding = 4; lastKnownFileType = sourcecode.c.h; path = Node.h; sourceTree = "<group>"; };
		E758EB4F1AAC819A002A2F6A /* Node.m */ = {isa = PBXFileReference; fileEncoding = 4; lastKnownFileType = sourcecode.c.objc; path = Node.m; sourceTree = "<group>"; };
		E758EB521AAC81B8002A2F6A /* Position.h */ = {isa = PBXFileReference; fileEncoding = 4; lastKnownFileType = sourcecode.c.h; path = Position.h; sourceTree = "<group>"; };
		E758EB531AAC81B8002A2F6A /* Position.m */ = {isa = PBXFileReference; fileEncoding = 4; lastKnownFileType = sourcecode.c.objc; path = Position.m; sourceTree = "<group>"; };
		E758EB551AAC88E7002A2F6A /* Boarder.h */ = {isa = PBXFileReference; fileEncoding = 4; lastKnownFileType = sourcecode.c.h; path = Boarder.h; sourceTree = "<group>"; };
		E758EB561AAC88E7002A2F6A /* Boarder.m */ = {isa = PBXFileReference; fileEncoding = 4; lastKnownFileType = sourcecode.c.objc; path = Boarder.m; sourceTree = "<group>"; };
		E758EB581AAC9D65002A2F6A /* NodeGrid.h */ = {isa = PBXFileReference; fileEncoding = 4; lastKnownFileType = sourcecode.c.h; path = NodeGrid.h; sourceTree = "<group>"; };
		E758EB591AAC9D65002A2F6A /* NodeGrid.m */ = {isa = PBXFileReference; fileEncoding = 4; lastKnownFileType = sourcecode.c.objc; path = NodeGrid.m; sourceTree = "<group>"; };
		E76AA17F1AAF51E9000637AA /* Maze.h */ = {isa = PBXFileReference; fileEncoding = 4; lastKnownFileType = sourcecode.c.h; path = Maze.h; sourceTree = "<group>"; };
		E76AA1801AAF51E9000637AA /* Maze.m */ = {isa = PBXFileReference; fileEncoding = 4; indentWidth = 4; lastKnownFileType = sourcecode.c.objc; path = Maze.m; sourceTree = "<group>"; tabWidth = 4; };
		E76AA1851AAF6AE6000637AA /* CoordinateManager.h */ = {isa = PBXFileReference; fileEncoding = 4; lastKnownFileType = sourcecode.c.h; path = CoordinateManager.h; sourceTree = "<group>"; };
		E76AA1861AAF6AED000637AA /* CoordinateManager.m */ = {isa = PBXFileReference; fileEncoding = 4; lastKnownFileType = sourcecode.c.objc; path = CoordinateManager.m; sourceTree = "<group>"; };
		E76AA1881AAF6B29000637AA /* MazeScene.h */ = {isa = PBXFileReference; fileEncoding = 4; lastKnownFileType = sourcecode.c.h; path = MazeScene.h; sourceTree = "<group>"; };
		E76AA1891AAF6B29000637AA /* MazeScene.m */ = {isa = PBXFileReference; fileEncoding = 4; lastKnownFileType = sourcecode.c.objc; path = MazeScene.m; sourceTree = "<group>"; usesTabs = 0; };
		E76AA18B1AAF6B39000637AA /* SceneKit.framework */ = {isa = PBXFileReference; lastKnownFileType = wrapper.framework; name = SceneKit.framework; path = System/Library/Frameworks/SceneKit.framework; sourceTree = SDKROOT; };
		E76AA1921AAF838A000637AA /* UserPanelScene.h */ = {isa = PBXFileReference; fileEncoding = 4; lastKnownFileType = sourcecode.c.h; path = UserPanelScene.h; sourceTree = "<group>"; };
		E76AA1931AAF838A000637AA /* UserPanelScene.m */ = {isa = PBXFileReference; fileEncoding = 4; lastKnownFileType = sourcecode.c.objc; path = UserPanelScene.m; sourceTree = "<group>"; };
		E76AA1951AAF8392000637AA /* SpriteKit.framework */ = {isa = PBXFileReference; lastKnownFileType = wrapper.framework; name = SpriteKit.framework; path = System/Library/Frameworks/SpriteKit.framework; sourceTree = SDKROOT; };
		E76AA1971AAF85E6000637AA /* Xcode.png */ = {isa = PBXFileReference; lastKnownFileType = image.png; path = Xcode.png; sourceTree = "<group>"; };
		E76AA1991AAFA8C8000637AA /* waiting for ads.png */ = {isa = PBXFileReference; lastKnownFileType = image.png; path = "waiting for ads.png"; sourceTree = "<group>"; };
		E76AA19B1AAFB081000637AA /* WelcomeScreenViewController.h */ = {isa = PBXFileReference; fileEncoding = 4; lastKnownFileType = sourcecode.c.h; path = WelcomeScreenViewController.h; sourceTree = "<group>"; };
		E76AA19C1AAFB081000637AA /* WelcomeScreenViewController.m */ = {isa = PBXFileReference; fileEncoding = 4; lastKnownFileType = sourcecode.c.objc; path = WelcomeScreenViewController.m; sourceTree = "<group>"; };
		E76AA1F41AB0CE40000637AA /* william_wall_01_D.png */ = {isa = PBXFileReference; lastKnownFileType = image.png; path = william_wall_01_D.png; sourceTree = "<group>"; };
		E76AA1F61AB0CF78000637AA /* ground_grass_gen_01.png */ = {isa = PBXFileReference; lastKnownFileType = image.png; path = ground_grass_gen_01.png; sourceTree = "<group>"; };
		E76AA1F71AB0CF78000637AA /* ground_grass_gen_02.png */ = {isa = PBXFileReference; lastKnownFileType = image.png; path = ground_grass_gen_02.png; sourceTree = "<group>"; };
		E76AA1F81AB0CF78000637AA /* ground_grass_gen_03.png */ = {isa = PBXFileReference; lastKnownFileType = image.png; path = ground_grass_gen_03.png; sourceTree = "<group>"; };
		E76AA1F91AB0CF78000637AA /* ground_grass_gen_04.png */ = {isa = PBXFileReference; lastKnownFileType = image.png; path = ground_grass_gen_04.png; sourceTree = "<group>"; };
		E76AA1FA1AB0CF78000637AA /* ground_grass_gen_05.png */ = {isa = PBXFileReference; lastKnownFileType = image.png; path = ground_grass_gen_05.png; sourceTree = "<group>"; };
		E76AA1FB1AB0CF78000637AA /* ground_grass_gen_06.png */ = {isa = PBXFileReference; lastKnownFileType = image.png; path = ground_grass_gen_06.png; sourceTree = "<group>"; };
		E76AA1FC1AB0CF78000637AA /* ground_grass_gen_07.png */ = {isa = PBXFileReference; lastKnownFileType = image.png; path = ground_grass_gen_07.png; sourceTree = "<group>"; };
		E76AA1FD1AB0CF78000637AA /* ground_grass_gen_08.png */ = {isa = PBXFileReference; lastKnownFileType = image.png; path = ground_grass_gen_08.png; sourceTree = "<group>"; };
		E76AA1FE1AB0CF78000637AA /* ground_grass_gen_09.png */ = {isa = PBXFileReference; lastKnownFileType = image.png; path = ground_grass_gen_09.png; sourceTree = "<group>"; };
		E76AA1FF1AB0CF78000637AA /* ground_grass_gen_00.png */ = {isa = PBXFileReference; lastKnownFileType = image.png; path = ground_grass_gen_00.png; sourceTree = "<group>"; };
/* End PBXFileReference section */

/* Begin PBXFrameworksBuildPhase section */
		E758EB1F1AAC688D002A2F6A /* Frameworks */ = {
			isa = PBXFrameworksBuildPhase;
			buildActionMask = 2147483647;
			files = (
				E76AA1961AAF8392000637AA /* SpriteKit.framework in Frameworks */,
				E76AA18C1AAF6B39000637AA /* SceneKit.framework in Frameworks */,
			);
			runOnlyForDeploymentPostprocessing = 0;
		};
		E758EB3B1AAC688E002A2F6A /* Frameworks */ = {
			isa = PBXFrameworksBuildPhase;
			buildActionMask = 2147483647;
			files = (
			);
			runOnlyForDeploymentPostprocessing = 0;
		};
/* End PBXFrameworksBuildPhase section */

/* Begin PBXGroup section */
		E758EB191AAC688D002A2F6A = {
			isa = PBXGroup;
			children = (
				E76AA1951AAF8392000637AA /* SpriteKit.framework */,
				E76AA18B1AAF6B39000637AA /* SceneKit.framework */,
				E758EB241AAC688E002A2F6A /* 3D Maze */,
				E758EB411AAC688E002A2F6A /* 3D MazeTests */,
				E758EB231AAC688E002A2F6A /* Products */,
			);
			sourceTree = "<group>";
		};
		E758EB231AAC688E002A2F6A /* Products */ = {
			isa = PBXGroup;
			children = (
				E758EB221AAC688E002A2F6A /* 3D Maze Real.app */,
				E758EB3E1AAC688E002A2F6A /* 3D Maze RealTests.xctest */,
			);
			name = Products;
			sourceTree = "<group>";
		};
		E758EB241AAC688E002A2F6A /* 3D Maze */ = {
			isa = PBXGroup;
			children = (
				E758EB291AAC688E002A2F6A /* AppDelegate.h */,
				E758EB2A1AAC688E002A2F6A /* AppDelegate.m */,
				E76AA1971AAF85E6000637AA /* Xcode.png */,
				E76AA1991AAFA8C8000637AA /* waiting for ads.png */,
				E76AA1F41AB0CE40000637AA /* william_wall_01_D.png */,
				E711FC721AB894F0007D34AB /* eye.png */,
				E72BF9D41B2AE5D900ED7BF9 /* tutor.png */,
				E758EB2F1AAC688E002A2F6A /* ViewController.h */,
				E758EB301AAC688E002A2F6A /* ViewController.m */,
				E76AA1921AAF838A000637AA /* UserPanelScene.h */,
				E76AA1931AAF838A000637AA /* UserPanelScene.m */,
				E72BF9C81B2AD9AF00ED7BF9 /* HelpIcon.h */,
				E72BF9C91B2AD9AF00ED7BF9 /* HelpIcon.m */,
				E76AA1881AAF6B29000637AA /* MazeScene.h */,
				E76AA1891AAF6B29000637AA /* MazeScene.m */,
				E76AA1851AAF6AE6000637AA /* CoordinateManager.h */,
				E76AA1861AAF6AED000637AA /* CoordinateManager.m */,
				E76AA1F61AB0CF78000637AA /* ground_grass_gen_01.png */,
				E76AA1F71AB0CF78000637AA /* ground_grass_gen_02.png */,
				E76AA1F81AB0CF78000637AA /* ground_grass_gen_03.png */,
				E76AA1F91AB0CF78000637AA /* ground_grass_gen_04.png */,
				E76AA1FA1AB0CF78000637AA /* ground_grass_gen_05.png */,
				E76AA1FB1AB0CF78000637AA /* ground_grass_gen_06.png */,
				E76AA1FC1AB0CF78000637AA /* ground_grass_gen_07.png */,
				E76AA1FD1AB0CF78000637AA /* ground_grass_gen_08.png */,
				E76AA1FE1AB0CF78000637AA /* ground_grass_gen_09.png */,
				E76AA1FF1AB0CF78000637AA /* ground_grass_gen_00.png */,
				E758EB511AAC81AB002A2F6A /* Model */,
				E758EB321AAC688E002A2F6A /* Main.storyboard */,
				E72BF9CF1B2AE0FE00ED7BF9 /* ImageViewController.h */,
				E72BF9D01B2AE0FE00ED7BF9 /* ImageViewController.m */,
				E76AA19B1AAFB081000637AA /* WelcomeScreenViewController.h */,
				E76AA19C1AAFB081000637AA /* WelcomeScreenViewController.m */,
				E758EB351AAC688E002A2F6A /* Images.xcassets */,
				E758EB371AAC688E002A2F6A /* LaunchScreen.xib */,
				E758EB2C1AAC688E002A2F6A /* _D_Maze.xcdatamodeld */,
				E758EB251AAC688E002A2F6A /* Supporting Files */,
			);
			path = "3D Maze";
			sourceTree = "<group>";
		};
		E758EB251AAC688E002A2F6A /* Supporting Files */ = {
			isa = PBXGroup;
			children = (
				E758EB261AAC688E002A2F6A /* Info.plist */,
				E758EB271AAC688E002A2F6A /* main.m */,
			);
			name = "Supporting Files";
			sourceTree = "<group>";
		};
		E758EB411AAC688E002A2F6A /* 3D MazeTests */ = {
			isa = PBXGroup;
			children = (
				E758EB441AAC688E002A2F6A /* _D_MazeTests.m */,
				E758EB421AAC688E002A2F6A /* Supporting Files */,
			);
			path = "3D MazeTests";
			sourceTree = "<group>";
		};
		E758EB421AAC688E002A2F6A /* Supporting Files */ = {
			isa = PBXGroup;
			children = (
				E758EB431AAC688E002A2F6A /* Info.plist */,
			);
			name = "Supporting Files";
			sourceTree = "<group>";
		};
		E758EB511AAC81AB002A2F6A /* Model */ = {
			isa = PBXGroup;
			children = (
				E76AA17F1AAF51E9000637AA /* Maze.h */,
				E76AA1801AAF51E9000637AA /* Maze.m */,
				E758EB4E1AAC819A002A2F6A /* Node.h */,
				E758EB4F1AAC819A002A2F6A /* Node.m */,
				E758EB521AAC81B8002A2F6A /* Position.h */,
				E758EB531AAC81B8002A2F6A /* Position.m */,
				E758EB551AAC88E7002A2F6A /* Boarder.h */,
				E758EB561AAC88E7002A2F6A /* Boarder.m */,
				E758EB581AAC9D65002A2F6A /* NodeGrid.h */,
				E758EB591AAC9D65002A2F6A /* NodeGrid.m */,
			);
			name = Model;
			sourceTree = "<group>";
		};
/* End PBXGroup section */

/* Begin PBXNativeTarget section */
		E758EB211AAC688D002A2F6A /* 3D Maze Real */ = {
			isa = PBXNativeTarget;
			buildConfigurationList = E758EB481AAC688E002A2F6A /* Build configuration list for PBXNativeTarget "3D Maze Real" */;
			buildPhases = (
				E758EB1E1AAC688D002A2F6A /* Sources */,
				E758EB1F1AAC688D002A2F6A /* Frameworks */,
				E758EB201AAC688D002A2F6A /* Resources */,
			);
			buildRules = (
			);
			dependencies = (
			);
			name = "3D Maze Real";
			productName = "3D Maze";
			productReference = E758EB221AAC688E002A2F6A /* 3D Maze Real.app */;
			productType = "com.apple.product-type.application";
		};
		E758EB3D1AAC688E002A2F6A /* 3D Maze RealTests */ = {
			isa = PBXNativeTarget;
			buildConfigurationList = E758EB4B1AAC688E002A2F6A /* Build configuration list for PBXNativeTarget "3D Maze RealTests" */;
			buildPhases = (
				E758EB3A1AAC688E002A2F6A /* Sources */,
				E758EB3B1AAC688E002A2F6A /* Frameworks */,
				E758EB3C1AAC688E002A2F6A /* Resources */,
			);
			buildRules = (
			);
			dependencies = (
				E758EB401AAC688E002A2F6A /* PBXTargetDependency */,
			);
			name = "3D Maze RealTests";
			productName = "3D MazeTests";
			productReference = E758EB3E1AAC688E002A2F6A /* 3D Maze RealTests.xctest */;
			productType = "com.apple.product-type.bundle.unit-test";
		};
/* End PBXNativeTarget section */

/* Begin PBXProject section */
		E758EB1A1AAC688D002A2F6A /* Project object */ = {
			isa = PBXProject;
			attributes = {
				LastUpgradeCheck = 0610;
				ORGANIZATIONNAME = "Chen Zhibo";
				TargetAttributes = {
					E758EB211AAC688D002A2F6A = {
						CreatedOnToolsVersion = 6.1.1;
						DevelopmentTeam = RG37NH3E5V;
					};
					E758EB3D1AAC688E002A2F6A = {
						CreatedOnToolsVersion = 6.1.1;
						TestTargetID = E758EB211AAC688D002A2F6A;
					};
				};
			};
			buildConfigurationList = E758EB1D1AAC688D002A2F6A /* Build configuration list for PBXProject "3D Maze Real" */;
			compatibilityVersion = "Xcode 3.2";
			developmentRegion = English;
			hasScannedForEncodings = 0;
			knownRegions = (
				en,
				Base,
			);
			mainGroup = E758EB191AAC688D002A2F6A;
			productRefGroup = E758EB231AAC688E002A2F6A /* Products */;
			projectDirPath = "";
			projectRoot = "";
			targets = (
				E758EB211AAC688D002A2F6A /* 3D Maze Real */,
				E758EB3D1AAC688E002A2F6A /* 3D Maze RealTests */,
			);
		};
/* End PBXProject section */

/* Begin PBXResourcesBuildPhase section */
		E758EB201AAC688D002A2F6A /* Resources */ = {
			isa = PBXResourcesBuildPhase;
			buildActionMask = 2147483647;
			files = (
				E758EB341AAC688E002A2F6A /* Main.storyboard in Resources */,
				E76AA2091AB0CF78000637AA /* ground_grass_gen_00.png in Resources */,
				E758EB391AAC688E002A2F6A /* LaunchScreen.xib in Resources */,
				E76AA2011AB0CF78000637AA /* ground_grass_gen_02.png in Resources */,
				E76AA2081AB0CF78000637AA /* ground_grass_gen_09.png in Resources */,
				E711FC731AB894F0007D34AB /* eye.png in Resources */,
				E76AA2061AB0CF78000637AA /* ground_grass_gen_07.png in Resources */,
				E76AA19A1AAFA8C8000637AA /* waiting for ads.png in Resources */,
				E72BF9D51B2AE5D900ED7BF9 /* tutor.png in Resources */,
				E76AA2001AB0CF78000637AA /* ground_grass_gen_01.png in Resources */,
				E76AA1F51AB0CE40000637AA /* william_wall_01_D.png in Resources */,
				E76AA2051AB0CF78000637AA /* ground_grass_gen_06.png in Resources */,
				E76AA2021AB0CF78000637AA /* ground_grass_gen_03.png in Resources */,
				E76AA2041AB0CF78000637AA /* ground_grass_gen_05.png in Resources */,
				E76AA2071AB0CF78000637AA /* ground_grass_gen_08.png in Resources */,
				E758EB361AAC688E002A2F6A /* Images.xcassets in Resources */,
				E76AA2031AB0CF78000637AA /* ground_grass_gen_04.png in Resources */,
				E76AA1981AAF85E6000637AA /* Xcode.png in Resources */,
			);
			runOnlyForDeploymentPostprocessing = 0;
		};
		E758EB3C1AAC688E002A2F6A /* Resources */ = {
			isa = PBXResourcesBuildPhase;
			buildActionMask = 2147483647;
			files = (
			);
			runOnlyForDeploymentPostprocessing = 0;
		};
/* End PBXResourcesBuildPhase section */

/* Begin PBXSourcesBuildPhase section */
		E758EB1E1AAC688D002A2F6A /* Sources */ = {
			isa = PBXSourcesBuildPhase;
			buildActionMask = 2147483647;
			files = (
				E72BF9D11B2AE0FE00ED7BF9 /* ImageViewController.m in Sources */,
				E758EB541AAC81B8002A2F6A /* Position.m in Sources */,
				E758EB5A1AAC9D65002A2F6A /* NodeGrid.m in Sources */,
				E758EB501AAC819A002A2F6A /* Node.m in Sources */,
				E758EB571AAC88E7002A2F6A /* Boarder.m in Sources */,
				E758EB2B1AAC688E002A2F6A /* AppDelegate.m in Sources */,
				E758EB281AAC688E002A2F6A /* main.m in Sources */,
				E758EB311AAC688E002A2F6A /* ViewController.m in Sources */,
				E72BF9CA1B2AD9AF00ED7BF9 /* HelpIcon.m in Sources */,
				E76AA19D1AAFB081000637AA /* WelcomeScreenViewController.m in Sources */,
				E76AA1811AAF51E9000637AA /* Maze.m in Sources */,
				E758EB2E1AAC688E002A2F6A /* _D_Maze.xcdatamodeld in Sources */,
				E76AA18A1AAF6B29000637AA /* MazeScene.m in Sources */,
				E76AA1941AAF838A000637AA /* UserPanelScene.m in Sources */,
				E76AA1871AAF6AED000637AA /* CoordinateManager.m in Sources */,
			);
			runOnlyForDeploymentPostprocessing = 0;
		};
		E758EB3A1AAC688E002A2F6A /* Sources */ = {
			isa = PBXSourcesBuildPhase;
			buildActionMask = 2147483647;
			files = (
				E758EB451AAC688E002A2F6A /* _D_MazeTests.m in Sources */,
			);
			runOnlyForDeploymentPostprocessing = 0;
		};
/* End PBXSourcesBuildPhase section */

/* Begin PBXTargetDependency section */
		E758EB401AAC688E002A2F6A /* PBXTargetDependency */ = {
			isa = PBXTargetDependency;
			target = E758EB211AAC688D002A2F6A /* 3D Maze Real */;
			targetProxy = E758EB3F1AAC688E002A2F6A /* PBXContainerItemProxy */;
		};
/* End PBXTargetDependency section */

/* Begin PBXVariantGroup section */
		E758EB321AAC688E002A2F6A /* Main.storyboard */ = {
			isa = PBXVariantGroup;
			children = (
				E758EB331AAC688E002A2F6A /* Base */,
			);
			name = Main.storyboard;
			sourceTree = "<group>";
		};
		E758EB371AAC688E002A2F6A /* LaunchScreen.xib */ = {
			isa = PBXVariantGroup;
			children = (
				E758EB381AAC688E002A2F6A /* Base */,
			);
			name = LaunchScreen.xib;
			sourceTree = "<group>";
		};
/* End PBXVariantGroup section */

/* Begin XCBuildConfiguration section */
		E758EB461AAC688E002A2F6A /* Debug */ = {
			isa = XCBuildConfiguration;
			buildSettings = {
				ALWAYS_SEARCH_USER_PATHS = NO;
				CLANG_CXX_LANGUAGE_STANDARD = "gnu++0x";
				CLANG_CXX_LIBRARY = "libc++";
				CLANG_ENABLE_MODULES = YES;
				CLANG_ENABLE_OBJC_ARC = YES;
				CLANG_WARN_BOOL_CONVERSION = YES;
				CLANG_WARN_CONSTANT_CONVERSION = YES;
				CLANG_WARN_DIRECT_OBJC_ISA_USAGE = YES_ERROR;
				CLANG_WARN_EMPTY_BODY = YES;
				CLANG_WARN_ENUM_CONVERSION = YES;
				CLANG_WARN_INT_CONVERSION = YES;
				CLANG_WARN_OBJC_ROOT_CLASS = YES_ERROR;
				CLANG_WARN_UNREACHABLE_CODE = YES;
				CLANG_WARN__DUPLICATE_METHOD_MATCH = YES;
				"CODE_SIGN_IDENTITY[sdk=iphoneos*]" = "iPhone Developer";
				COPY_PHASE_STRIP = NO;
				ENABLE_STRICT_OBJC_MSGSEND = YES;
				GCC_C_LANGUAGE_STANDARD = gnu99;
				GCC_DYNAMIC_NO_PIC = NO;
				GCC_OPTIMIZATION_LEVEL = 0;
				GCC_PREPROCESSOR_DEFINITIONS = (
					"DEBUG=1",
					"$(inherited)",
				);
				GCC_SYMBOLS_PRIVATE_EXTERN = NO;
				GCC_WARN_64_TO_32_BIT_CONVERSION = YES;
				GCC_WARN_ABOUT_RETURN_TYPE = YES_ERROR;
				GCC_WARN_UNDECLARED_SELECTOR = YES;
				GCC_WARN_UNINITIALIZED_AUTOS = YES_AGGRESSIVE;
				GCC_WARN_UNUSED_FUNCTION = YES;
				GCC_WARN_UNUSED_VARIABLE = YES;
				IPHONEOS_DEPLOYMENT_TARGET = 8.1;
				MTL_ENABLE_DEBUG_INFO = YES;
				ONLY_ACTIVE_ARCH = YES;
				SDKROOT = iphoneos;
			};
			name = Debug;
		};
		E758EB471AAC688E002A2F6A /* Release */ = {
			isa = XCBuildConfiguration;
			buildSettings = {
				ALWAYS_SEARCH_USER_PATHS = NO;
				CLANG_CXX_LANGUAGE_STANDARD = "gnu++0x";
				CLANG_CXX_LIBRARY = "libc++";
				CLANG_ENABLE_MODULES = YES;
				CLANG_ENABLE_OBJC_ARC = YES;
				CLANG_WARN_BOOL_CONVERSION = YES;
				CLANG_WARN_CONSTANT_CONVERSION = YES;
				CLANG_WARN_DIRECT_OBJC_ISA_USAGE = YES_ERROR;
				CLANG_WARN_EMPTY_BODY = YES;
				CLANG_WARN_ENUM_CONVERSION = YES;
				CLANG_WARN_INT_CONVERSION = YES;
				CLANG_WARN_OBJC_ROOT_CLASS = YES_ERROR;
				CLANG_WARN_UNREACHABLE_CODE = YES;
				CLANG_WARN__DUPLICATE_METHOD_MATCH = YES;
				"CODE_SIGN_IDENTITY[sdk=iphoneos*]" = "iPhone Developer";
				COPY_PHASE_STRIP = YES;
				ENABLE_NS_ASSERTIONS = NO;
				ENABLE_STRICT_OBJC_MSGSEND = YES;
				GCC_C_LANGUAGE_STANDARD = gnu99;
				GCC_WARN_64_TO_32_BIT_CONVERSION = YES;
				GCC_WARN_ABOUT_RETURN_TYPE = YES_ERROR;
				GCC_WARN_UNDECLARED_SELECTOR = YES;
				GCC_WARN_UNINITIALIZED_AUTOS = YES_AGGRESSIVE;
				GCC_WARN_UNUSED_FUNCTION = YES;
				GCC_WARN_UNUSED_VARIABLE = YES;
				IPHONEOS_DEPLOYMENT_TARGET = 8.1;
				MTL_ENABLE_DEBUG_INFO = NO;
				SDKROOT = iphoneos;
				VALIDATE_PRODUCT = YES;
			};
			name = Release;
		};
		E758EB491AAC688E002A2F6A /* Debug */ = {
			isa = XCBuildConfiguration;
			buildSettings = {
				ASSETCATALOG_COMPILER_APPICON_NAME = "AppIcon-1";
				CODE_SIGN_IDENTITY = "iPhone Developer";
				"CODE_SIGN_IDENTITY[sdk=iphoneos*]" = "iPhone Developer";
				INFOPLIST_FILE = "3D Maze/Info.plist";
				LD_RUNPATH_SEARCH_PATHS = "$(inherited) @executable_path/Frameworks";
				PRODUCT_NAME = "3D Maze Real";
				PROVISIONING_PROFILE = "";
				TARGETED_DEVICE_FAMILY = "1,2";
			};
			name = Debug;
		};
		E758EB4A1AAC688E002A2F6A /* Release */ = {
			isa = XCBuildConfiguration;
			buildSettings = {
				ASSETCATALOG_COMPILER_APPICON_NAME = "AppIcon-1";
				CODE_SIGN_IDENTITY = "iPhone Developer";
				"CODE_SIGN_IDENTITY[sdk=iphoneos*]" = "iPhone Developer";
				INFOPLIST_FILE = "3D Maze/Info.plist";
				LD_RUNPATH_SEARCH_PATHS = "$(inherited) @executable_path/Frameworks";
				PRODUCT_NAME = "3D Maze Real";
				PROVISIONING_PROFILE = "";
				TARGETED_DEVICE_FAMILY = "1,2";
			};
			name = Release;
		};
		E758EB4C1AAC688E002A2F6A /* Debug */ = {
			isa = XCBuildConfiguration;
			buildSettings = {
				BUNDLE_LOADER = "$(TEST_HOST)";
				FRAMEWORK_SEARCH_PATHS = (
					"$(SDKROOT)/Developer/Library/Frameworks",
					"$(inherited)",
				);
				GCC_PREPROCESSOR_DEFINITIONS = (
					"DEBUG=1",
					"$(inherited)",
				);
				INFOPLIST_FILE = "3D MazeTests/Info.plist";
				LD_RUNPATH_SEARCH_PATHS = "$(inherited) @executable_path/Frameworks @loader_path/Frameworks";
				PRODUCT_NAME = "3D Maze RealTests";
				TEST_HOST = "$(BUILT_PRODUCTS_DIR)/3D Maze.app/3D Maze";
			};
			name = Debug;
		};
		E758EB4D1AAC688E002A2F6A /* Release */ = {
			isa = XCBuildConfiguration;
			buildSettings = {
				BUNDLE_LOADER = "$(TEST_HOST)";
				FRAMEWORK_SEARCH_PATHS = (
					"$(SDKROOT)/Developer/Library/Frameworks",
					"$(inherited)",
				);
				INFOPLIST_FILE = "3D MazeTests/Info.plist";
				LD_RUNPATH_SEARCH_PATHS = "$(inherited) @executable_path/Frameworks @loader_path/Frameworks";
				PRODUCT_NAME = "3D Maze RealTests";
				TEST_HOST = "$(BUILT_PRODUCTS_DIR)/3D Maze.app/3D Maze";
			};
			name = Release;
		};
/* End XCBuildConfiguration section */

/* Begin XCConfigurationList section */
		E758EB1D1AAC688D002A2F6A /* Build configuration list for PBXProject "3D Maze Real" */ = {
			isa = XCConfigurationList;
			buildConfigurations = (
				E758EB461AAC688E002A2F6A /* Debug */,
				E758EB471AAC688E002A2F6A /* Release */,
			);
			defaultConfigurationIsVisible = 0;
			defaultConfigurationName = Release;
		};
		E758EB481AAC688E002A2F6A /* Build configuration list for PBXNativeTarget "3D Maze Real" */ = {
			isa = XCConfigurationList;
			buildConfigurations = (
				E758EB491AAC688E002A2F6A /* Debug */,
				E758EB4A1AAC688E002A2F6A /* Release */,
			);
			defaultConfigurationIsVisible = 0;
			defaultConfigurationName = Release;
		};
		E758EB4B1AAC688E002A2F6A /* Build configuration list for PBXNativeTarget "3D Maze RealTests" */ = {
			isa = XCConfigurationList;
			buildConfigurations = (
				E758EB4C1AAC688E002A2F6A /* Debug */,
				E758EB4D1AAC688E002A2F6A /* Release */,
			);
			defaultConfigurationIsVisible = 0;
			defaultConfigurationName = Release;
		};
/* End XCConfigurationList section */

/* Begin XCVersionGroup section */
		E758EB2C1AAC688E002A2F6A /* _D_Maze.xcdatamodeld */ = {
			isa = XCVersionGroup;
			children = (
				E758EB2D1AAC688E002A2F6A /* _D_Maze.xcdatamodel */,
			);
			currentVersion = E758EB2D1AAC688E002A2F6A /* _D_Maze.xcdatamodel */;
			path = _D_Maze.xcdatamodeld;
			sourceTree = "<group>";
			versionGroupType = wrapper.xcdatamodel;
		};
/* End XCVersionGroup section */
	};
	rootObject = E758EB1A1AAC688D002A2F6A /* Project object */;
}
